
Microsoft Visual Studio Solution File, Format Version 12.00
# Visual Studio Version 16
VisualStudioVersion = 16.0.31624.102
MinimumVisualStudioVersion = 10.0.40219.1
Project("{FAE04EC0-301F-11D3-BF4B-00C04F79EFBC}") = "TournamentTracker", "TournamentTracker\TournamentTracker.csproj", "{EB10928E-9473-4D85-9AFF-7D2B1BC7DE8E}"
EndProject
Global
	GlobalSection(SolutionConfigurationPlatforms) = preSolution
		Debug|Any CPU = Debug|Any CPU
		Release|Any CPU = Release|Any CPU
	EndGlobalSection
	GlobalSection(ProjectConfigurationPlatforms) = postSolution
		{EB10928E-9473-4D85-9AFF-7D2B1BC7DE8E}.Debug|Any CPU.ActiveCfg = Debug|Any CPU
		{EB10928E-9473-4D85-9AFF-7D2B1BC7DE8E}.Debug|Any CPU.Build.0 = Debug|Any CPU
		{EB10928E-9473-4D85-9AFF-7D2B1BC7DE8E}.Release|Any CPU.ActiveCfg = Release|Any CPU
		{EB10928E-9473-4D85-9AFF-7D2B1BC7DE8E}.Release|Any CPU.Build.0 = Release|Any CPU
	EndGlobalSection
	GlobalSection(SolutionProperties) = preSolution
		HideSolutionNode = FALSE
	EndGlobalSection
	GlobalSection(ExtensibilityGlobals) = postSolution
		SolutionGuid = {60653193-CC68-4DC8-8333-60378B58F904}
	EndGlobalSection
EndGlobal
